
Microsoft Visual Studio Solution File, Format Version 12.00
Project("{FAE04EC0-301F-11D3-BF4B-00C04F79EFBC}") = "TkSharp.Merger", "TkSharp.Merger\TkSharp.Merger.csproj", "{DEFF5FDF-6ABF-4CF1-8825-E188C01D77EB}"
EndProject
Global
	GlobalSection(SolutionConfigurationPlatforms) = preSolution
		Debug|Any CPU = Debug|Any CPU
		Release|Any CPU = Release|Any CPU
	EndGlobalSection
	GlobalSection(ProjectConfigurationPlatforms) = postSolution
		{DEFF5FDF-6ABF-4CF1-8825-E188C01D77EB}.Debug|Any CPU.ActiveCfg = Debug|Any CPU
		{DEFF5FDF-6ABF-4CF1-8825-E188C01D77EB}.Debug|Any CPU.Build.0 = Debug|Any CPU
		{DEFF5FDF-6ABF-4CF1-8825-E188C01D77EB}.Release|Any CPU.ActiveCfg = Release|Any CPU
		{DEFF5FDF-6ABF-4CF1-8825-E188C01D77EB}.Release|Any CPU.Build.0 = Release|Any CPU
	EndGlobalSection
EndGlobal
